
Microsoft Visual Studio Solution File, Format Version 12.00
# Visual Studio Version 17
VisualStudioVersion = 17.1.32319.34
MinimumVisualStudioVersion = 10.0.40219.1
Project("{FAE04EC0-301F-11D3-BF4B-00C04F79EFBC}") = "Final_Lab_Automation", "Final_Lab_Automation.csproj", "{DD1E650A-82C5-4439-84BD-729511224670}"
EndProject
Global
	GlobalSection(SolutionConfigurationPlatforms) = preSolution
		Debug|Any CPU = Debug|Any CPU
		Release|Any CPU = Release|Any CPU
	EndGlobalSection
	GlobalSection(ProjectConfigurationPlatforms) = postSolution
		{DD1E650A-82C5-4439-84BD-729511224670}.Debug|Any CPU.ActiveCfg = Debug|Any CPU
		{DD1E650A-82C5-4439-84BD-729511224670}.Debug|Any CPU.Build.0 = Debug|Any CPU
		{DD1E650A-82C5-4439-84BD-729511224670}.Release|Any CPU.ActiveCfg = Release|Any CPU
		{DD1E650A-82C5-4439-84BD-729511224670}.Release|Any CPU.Build.0 = Release|Any CPU
	EndGlobalSection
	GlobalSection(SolutionProperties) = preSolution
		HideSolutionNode = FALSE
	EndGlobalSection
	GlobalSection(ExtensibilityGlobals) = postSolution
		SolutionGuid = {B8C307C6-A4B7-429D-8042-B0F5543EEC61}
	EndGlobalSection
EndGlobal
